// !$*UTF8*$!
{
	archiveVersion = 1;
	classes = {
	};
	objectVersion = 56;
	objects = {

/* Begin PBXBuildFile section */
		20680ED42945B1B40078596B /* QuoteApp.swift in Sources */ = {isa = PBXBuildFile; fileRef = 20680ED32945B1B40078596B /* QuoteApp.swift */; };
		20680ED62945B1B40078596B /* ContentView.swift in Sources */ = {isa = PBXBuildFile; fileRef = 20680ED52945B1B40078596B /* ContentView.swift */; };
		20680ED82945B1B70078596B /* Assets.xcassets in Resources */ = {isa = PBXBuildFile; fileRef = 20680ED72945B1B70078596B /* Assets.xcassets */; };
		20680EDB2945B1B70078596B /* Preview Assets.xcassets in Resources */ = {isa = PBXBuildFile; fileRef = 20680EDA2945B1B70078596B /* Preview Assets.xcassets */; };
		20680EE22945B1E00078596B /* HomeView.swift in Sources */ = {isa = PBXBuildFile; fileRef = 20680EE12945B1E00078596B /* HomeView.swift */; };
		20680EE42945B3360078596B /* QuoteCellView.swift in Sources */ = {isa = PBXBuildFile; fileRef = 20680EE32945B3360078596B /* QuoteCellView.swift */; };
		20680EE62945BA320078596B /* AddQuoteView.swift in Sources */ = {isa = PBXBuildFile; fileRef = 20680EE52945BA320078596B /* AddQuoteView.swift */; };
		20680EE9294609B70078596B /* Quote.swift in Sources */ = {isa = PBXBuildFile; fileRef = 20680EE8294609B70078596B /* Quote.swift */; };
		20680EEB294614670078596B /* GoogleService-Info.plist in Resources */ = {isa = PBXBuildFile; fileRef = 20680EEA294614670078596B /* GoogleService-Info.plist */; };
		20680EEE294615FD0078596B /* FirebaseAuth in Frameworks */ = {isa = PBXBuildFile; productRef = 20680EED294615FD0078596B /* FirebaseAuth */; };
		20680EF0294615FD0078596B /* FirebaseDatabase in Frameworks */ = {isa = PBXBuildFile; productRef = 20680EEF294615FD0078596B /* FirebaseDatabase */; };
		20680EF2294615FD0078596B /* FirebaseDatabaseSwift in Frameworks */ = {isa = PBXBuildFile; productRef = 20680EF1294615FD0078596B /* FirebaseDatabaseSwift */; };
		20680EF4294615FD0078596B /* FirebaseFirestore in Frameworks */ = {isa = PBXBuildFile; productRef = 20680EF3294615FD0078596B /* FirebaseFirestore */; };
		20680EF6294615FD0078596B /* FirebaseFirestoreSwift in Frameworks */ = {isa = PBXBuildFile; productRef = 20680EF5294615FD0078596B /* FirebaseFirestoreSwift */; };
		20680EF8294615FD0078596B /* FirebaseStorage in Frameworks */ = {isa = PBXBuildFile; productRef = 20680EF7294615FD0078596B /* FirebaseStorage */; };
		20680EFA29461A880078596B /* QuoteService.swift in Sources */ = {isa = PBXBuildFile; fileRef = 20680EF929461A880078596B /* QuoteService.swift */; };
		20680EFD294662DB0078596B /* HomeViewModel.swift in Sources */ = {isa = PBXBuildFile; fileRef = 20680EFC294662DB0078596B /* HomeViewModel.swift */; };
		20680F6F294CDBAF0078596B /* QuoteView.swift in Sources */ = {isa = PBXBuildFile; fileRef = 20680F6E294CDBAF0078596B /* QuoteView.swift */; };
		20680F71294CE1500078596B /* QuoteViewModel.swift in Sources */ = {isa = PBXBuildFile; fileRef = 20680F70294CE1500078596B /* QuoteViewModel.swift */; };
/* End PBXBuildFile section */

/* Begin PBXFileReference section */
		20680ED02945B1B40078596B /* Quote.app */ = {isa = PBXFileReference; explicitFileType = wrapper.application; includeInIndex = 0; path = Quote.app; sourceTree = BUILT_PRODUCTS_DIR; };
		20680ED32945B1B40078596B /* QuoteApp.swift */ = {isa = PBXFileReference; lastKnownFileType = sourcecode.swift; path = QuoteApp.swift; sourceTree = "<group>"; };
		20680ED52945B1B40078596B /* ContentView.swift */ = {isa = PBXFileReference; lastKnownFileType = sourcecode.swift; path = ContentView.swift; sourceTree = "<group>"; };
		20680ED72945B1B70078596B /* Assets.xcassets */ = {isa = PBXFileReference; lastKnownFileType = folder.assetcatalog; path = Assets.xcassets; sourceTree = "<group>"; };
		20680EDA2945B1B70078596B /* Preview Assets.xcassets */ = {isa = PBXFileReference; lastKnownFileType = folder.assetcatalog; path = "Preview Assets.xcassets"; sourceTree = "<group>"; };
		20680EE12945B1E00078596B /* HomeView.swift */ = {isa = PBXFileReference; lastKnownFileType = sourcecode.swift; path = HomeView.swift; sourceTree = "<group>"; };
		20680EE32945B3360078596B /* QuoteCellView.swift */ = {isa = PBXFileReference; lastKnownFileType = sourcecode.swift; path = QuoteCellView.swift; sourceTree = "<group>"; };
		20680EE52945BA320078596B /* AddQuoteView.swift */ = {isa = PBXFileReference; lastKnownFileType = sourcecode.swift; path = AddQuoteView.swift; sourceTree = "<group>"; };
		20680EE8294609B70078596B /* Quote.swift */ = {isa = PBXFileReference; lastKnownFileType = sourcecode.swift; path = Quote.swift; sourceTree = "<group>"; };
		20680EEA294614670078596B /* GoogleService-Info.plist */ = {isa = PBXFileReference; fileEncoding = 4; lastKnownFileType = text.plist.xml; path = "GoogleService-Info.plist"; sourceTree = "<group>"; };
		20680EF929461A880078596B /* QuoteService.swift */ = {isa = PBXFileReference; lastKnownFileType = sourcecode.swift; path = QuoteService.swift; sourceTree = "<group>"; };
		20680EFC294662DB0078596B /* HomeViewModel.swift */ = {isa = PBXFileReference; lastKnownFileType = sourcecode.swift; path = HomeViewModel.swift; sourceTree = "<group>"; };
		20680F6E294CDBAF0078596B /* QuoteView.swift */ = {isa = PBXFileReference; lastKnownFileType = sourcecode.swift; path = QuoteView.swift; sourceTree = "<group>"; };
		20680F70294CE1500078596B /* QuoteViewModel.swift */ = {isa = PBXFileReference; lastKnownFileType = sourcecode.swift; path = QuoteViewModel.swift; sourceTree = "<group>"; };
/* End PBXFileReference section */

/* Begin PBXFrameworksBuildPhase section */
		20680ECD2945B1B40078596B /* Frameworks */ = {
			isa = PBXFrameworksBuildPhase;
			buildActionMask = 2147483647;
			files = (
				20680EF6294615FD0078596B /* FirebaseFirestoreSwift in Frameworks */,
				20680EF2294615FD0078596B /* FirebaseDatabaseSwift in Frameworks */,
				20680EF4294615FD0078596B /* FirebaseFirestore in Frameworks */,
				20680EF0294615FD0078596B /* FirebaseDatabase in Frameworks */,
				20680EEE294615FD0078596B /* FirebaseAuth in Frameworks */,
				20680EF8294615FD0078596B /* FirebaseStorage in Frameworks */,
			);
			runOnlyForDeploymentPostprocessing = 0;
		};
/* End PBXFrameworksBuildPhase section */

/* Begin PBXGroup section */
		20680EC72945B1B40078596B = {
			isa = PBXGroup;
			children = (
				20680ED22945B1B40078596B /* Quote */,
				20680ED12945B1B40078596B /* Products */,
			);
			sourceTree = "<group>";
		};
		20680ED12945B1B40078596B /* Products */ = {
			isa = PBXGroup;
			children = (
				20680ED02945B1B40078596B /* Quote.app */,
			);
			name = Products;
			sourceTree = "<group>";
		};
		20680ED22945B1B40078596B /* Quote */ = {
			isa = PBXGroup;
			children = (
				20680ED32945B1B40078596B /* QuoteApp.swift */,
				20680F6D294CDB390078596B /* Service */,
				20680F6C294CDAFE0078596B /* Models */,
				20680EFB294662C10078596B /* Views */,
				20680ED52945B1B40078596B /* ContentView.swift */,
				20680EEA294614670078596B /* GoogleService-Info.plist */,
				20680ED72945B1B70078596B /* Assets.xcassets */,
				20680ED92945B1B70078596B /* Preview Content */,
			);
			path = Quote;
			sourceTree = "<group>";
		};
		20680ED92945B1B70078596B /* Preview Content */ = {
			isa = PBXGroup;
			children = (
				20680EDA2945B1B70078596B /* Preview Assets.xcassets */,
			);
			path = "Preview Content";
			sourceTree = "<group>";
		};
		20680EFB294662C10078596B /* Views */ = {
			isa = PBXGroup;
			children = (
				20680EE12945B1E00078596B /* HomeView.swift */,
				20680EE52945BA320078596B /* AddQuoteView.swift */,
				20680EE32945B3360078596B /* QuoteCellView.swift */,
				20680F6E294CDBAF0078596B /* QuoteView.swift */,
			);
			path = Views;
			sourceTree = "<group>";
		};
		20680F6C294CDAFE0078596B /* Models */ = {
			isa = PBXGroup;
			children = (
				20680EE8294609B70078596B /* Quote.swift */,
				20680EFC294662DB0078596B /* HomeViewModel.swift */,
				20680F70294CE1500078596B /* QuoteViewModel.swift */,
			);
			path = Models;
			sourceTree = "<group>";
		};
		20680F6D294CDB390078596B /* Service */ = {
			isa = PBXGroup;
			children = (
				20680EF929461A880078596B /* QuoteService.swift */,
			);
			path = Service;
			sourceTree = "<group>";
		};
/* End PBXGroup section */

/* Begin PBXNativeTarget section */
		20680ECF2945B1B40078596B /* Quote */ = {
			isa = PBXNativeTarget;
			buildConfigurationList = 20680EDE2945B1B70078596B /* Build configuration list for PBXNativeTarget "Quote" */;
			buildPhases = (
				20680ECC2945B1B40078596B /* Sources */,
				20680ECD2945B1B40078596B /* Frameworks */,
				20680ECE2945B1B40078596B /* Resources */,
			);
			buildRules = (
			);
			dependencies = (
			);
			name = Quote;
			packageProductDependencies = (
				20680EED294615FD0078596B /* FirebaseAuth */,
				20680EEF294615FD0078596B /* FirebaseDatabase */,
				20680EF1294615FD0078596B /* FirebaseDatabaseSwift */,
				20680EF3294615FD0078596B /* FirebaseFirestore */,
				20680EF5294615FD0078596B /* FirebaseFirestoreSwift */,
				20680EF7294615FD0078596B /* FirebaseStorage */,
			);
			productName = Quote;
			productReference = 20680ED02945B1B40078596B /* Quote.app */;
			productType = "com.apple.product-type.application";
		};
/* End PBXNativeTarget section */

/* Begin PBXProject section */
		20680EC82945B1B40078596B /* Project object */ = {
			isa = PBXProject;
			attributes = {
				BuildIndependentTargetsInParallel = 1;
				LastSwiftUpdateCheck = 1410;
				LastUpgradeCheck = 1410;
				TargetAttributes = {
					20680ECF2945B1B40078596B = {
						CreatedOnToolsVersion = 14.1;
					};
				};
			};
			buildConfigurationList = 20680ECB2945B1B40078596B /* Build configuration list for PBXProject "Quote" */;
			compatibilityVersion = "Xcode 14.0";
			developmentRegion = en;
			hasScannedForEncodings = 0;
			knownRegions = (
				en,
				Base,
			);
			mainGroup = 20680EC72945B1B40078596B;
			packageReferences = (
				20680EEC294615FD0078596B /* XCRemoteSwiftPackageReference "firebase-ios-sdk" */,
			);
			productRefGroup = 20680ED12945B1B40078596B /* Products */;
			projectDirPath = "";
			projectRoot = "";
			targets = (
				20680ECF2945B1B40078596B /* Quote */,
			);
		};
/* End PBXProject section */

/* Begin PBXResourcesBuildPhase section */
		20680ECE2945B1B40078596B /* Resources */ = {
			isa = PBXResourcesBuildPhase;
			buildActionMask = 2147483647;
			files = (
				20680EDB2945B1B70078596B /* Preview Assets.xcassets in Resources */,
				20680ED82945B1B70078596B /* Assets.xcassets in Resources */,
				20680EEB294614670078596B /* GoogleService-Info.plist in Resources */,
			);
			runOnlyForDeploymentPostprocessing = 0;
		};
/* End PBXResourcesBuildPhase section */

/* Begin PBXSourcesBuildPhase section */
		20680ECC2945B1B40078596B /* Sources */ = {
			isa = PBXSourcesBuildPhase;
			buildActionMask = 2147483647;
			files = (
				20680EFA29461A880078596B /* QuoteService.swift in Sources */,
				20680F71294CE1500078596B /* QuoteViewModel.swift in Sources */,
				20680EE22945B1E00078596B /* HomeView.swift in Sources */,
				20680ED62945B1B40078596B /* ContentView.swift in Sources */,
				20680EFD294662DB0078596B /* HomeViewModel.swift in Sources */,
				20680ED42945B1B40078596B /* QuoteApp.swift in Sources */,
				20680EE62945BA320078596B /* AddQuoteView.swift in Sources */,
				20680EE9294609B70078596B /* Quote.swift in Sources */,
				20680F6F294CDBAF0078596B /* QuoteView.swift in Sources */,
				20680EE42945B3360078596B /* QuoteCellView.swift in Sources */,
			);
			runOnlyForDeploymentPostprocessing = 0;
		};
/* End PBXSourcesBuildPhase section */

/* Begin XCBuildConfiguration section */
		20680EDC2945B1B70078596B /* Debug */ = {
			isa = XCBuildConfiguration;
			buildSettings = {
				ALWAYS_SEARCH_USER_PATHS = NO;
				CLANG_ANALYZER_NONNULL = YES;
				CLANG_ANALYZER_NUMBER_OBJECT_CONVERSION = YES_AGGRESSIVE;
				CLANG_CXX_LANGUAGE_STANDARD = "gnu++20";
				CLANG_ENABLE_MODULES = YES;
				CLANG_ENABLE_OBJC_ARC = YES;
				CLANG_ENABLE_OBJC_WEAK = YES;
				CLANG_WARN_BLOCK_CAPTURE_AUTORELEASING = YES;
				CLANG_WARN_BOOL_CONVERSION = YES;
				CLANG_WARN_COMMA = YES;
				CLANG_WARN_CONSTANT_CONVERSION = YES;
				CLANG_WARN_DEPRECATED_OBJC_IMPLEMENTATIONS = YES;
				CLANG_WARN_DIRECT_OBJC_ISA_USAGE = YES_ERROR;
				CLANG_WARN_DOCUMENTATION_COMMENTS = YES;
				CLANG_WARN_EMPTY_BODY = YES;
				CLANG_WARN_ENUM_CONVERSION = YES;
				CLANG_WARN_INFINITE_RECURSION = YES;
				CLANG_WARN_INT_CONVERSION = YES;
				CLANG_WARN_NON_LITERAL_NULL_CONVERSION = YES;
				CLANG_WARN_OBJC_IMPLICIT_RETAIN_SELF = YES;
				CLANG_WARN_OBJC_LITERAL_CONVERSION = YES;
				CLANG_WARN_OBJC_ROOT_CLASS = YES_ERROR;
				CLANG_WARN_QUOTED_INCLUDE_IN_FRAMEWORK_HEADER = YES;
				CLANG_WARN_RANGE_LOOP_ANALYSIS = YES;
				CLANG_WARN_STRICT_PROTOTYPES = YES;
				CLANG_WARN_SUSPICIOUS_MOVE = YES;
				CLANG_WARN_UNGUARDED_AVAILABILITY = YES_AGGRESSIVE;
				CLANG_WARN_UNREACHABLE_CODE = YES;
				CLANG_WARN__DUPLICATE_METHOD_MATCH = YES;
				COPY_PHASE_STRIP = NO;
				DEBUG_INFORMATION_FORMAT = dwarf;
				ENABLE_STRICT_OBJC_MSGSEND = YES;
				ENABLE_TESTABILITY = YES;
				GCC_C_LANGUAGE_STANDARD = gnu11;
				GCC_DYNAMIC_NO_PIC = NO;
				GCC_NO_COMMON_BLOCKS = YES;
				GCC_OPTIMIZATION_LEVEL = 0;
				GCC_PREPROCESSOR_DEFINITIONS = (
					"DEBUG=1",
					"$(inherited)",
				);
				GCC_WARN_64_TO_32_BIT_CONVERSION = YES;
				GCC_WARN_ABOUT_RETURN_TYPE = YES_ERROR;
				GCC_WARN_UNDECLARED_SELECTOR = YES;
				GCC_WARN_UNINITIALIZED_AUTOS = YES_AGGRESSIVE;
				GCC_WARN_UNUSED_FUNCTION = YES;
				GCC_WARN_UNUSED_VARIABLE = YES;
				IPHONEOS_DEPLOYMENT_TARGET = 16.1;
				MTL_ENABLE_DEBUG_INFO = INCLUDE_SOURCE;
				MTL_FAST_MATH = YES;
				ONLY_ACTIVE_ARCH = YES;
				SDKROOT = iphoneos;
				SWIFT_ACTIVE_COMPILATION_CONDITIONS = DEBUG;
				SWIFT_OPTIMIZATION_LEVEL = "-Onone";
			};
			name = Debug;
		};
		20680EDD2945B1B70078596B /* Release */ = {
			isa = XCBuildConfiguration;
			buildSettings = {
				ALWAYS_SEARCH_USER_PATHS = NO;
				CLANG_ANALYZER_NONNULL = YES;
				CLANG_ANALYZER_NUMBER_OBJECT_CONVERSION = YES_AGGRESSIVE;
				CLANG_CXX_LANGUAGE_STANDARD = "gnu++20";
				CLANG_ENABLE_MODULES = YES;
				CLANG_ENABLE_OBJC_ARC = YES;
				CLANG_ENABLE_OBJC_WEAK = YES;
				CLANG_WARN_BLOCK_CAPTURE_AUTORELEASING = YES;
				CLANG_WARN_BOOL_CONVERSION = YES;
				CLANG_WARN_COMMA = YES;
				CLANG_WARN_CONSTANT_CONVERSION = YES;
				CLANG_WARN_DEPRECATED_OBJC_IMPLEMENTATIONS = YES;
				CLANG_WARN_DIRECT_OBJC_ISA_USAGE = YES_ERROR;
				CLANG_WARN_DOCUMENTATION_COMMENTS = YES;
				CLANG_WARN_EMPTY_BODY = YES;
				CLANG_WARN_ENUM_CONVERSION = YES;
				CLANG_WARN_INFINITE_RECURSION = YES;
				CLANG_WARN_INT_CONVERSION = YES;
				CLANG_WARN_NON_LITERAL_NULL_CONVERSION = YES;
				CLANG_WARN_OBJC_IMPLICIT_RETAIN_SELF = YES;
				CLANG_WARN_OBJC_LITERAL_CONVERSION = YES;
				CLANG_WARN_OBJC_ROOT_CLASS = YES_ERROR;
				CLANG_WARN_QUOTED_INCLUDE_IN_FRAMEWORK_HEADER = YES;
				CLANG_WARN_RANGE_LOOP_ANALYSIS = YES;
				CLANG_WARN_STRICT_PROTOTYPES = YES;
				CLANG_WARN_SUSPICIOUS_MOVE = YES;
				CLANG_WARN_UNGUARDED_AVAILABILITY = YES_AGGRESSIVE;
				CLANG_WARN_UNREACHABLE_CODE = YES;
				CLANG_WARN__DUPLICATE_METHOD_MATCH = YES;
				COPY_PHASE_STRIP = NO;
				DEBUG_INFORMATION_FORMAT = "dwarf-with-dsym";
				ENABLE_NS_ASSERTIONS = NO;
				ENABLE_STRICT_OBJC_MSGSEND = YES;
				GCC_C_LANGUAGE_STANDARD = gnu11;
				GCC_NO_COMMON_BLOCKS = YES;
				GCC_WARN_64_TO_32_BIT_CONVERSION = YES;
				GCC_WARN_ABOUT_RETURN_TYPE = YES_ERROR;
				GCC_WARN_UNDECLARED_SELECTOR = YES;
				GCC_WARN_UNINITIALIZED_AUTOS = YES_AGGRESSIVE;
				GCC_WARN_UNUSED_FUNCTION = YES;
				GCC_WARN_UNUSED_VARIABLE = YES;
				IPHONEOS_DEPLOYMENT_TARGET = 16.1;
				MTL_ENABLE_DEBUG_INFO = NO;
				MTL_FAST_MATH = YES;
				SDKROOT = iphoneos;
				SWIFT_COMPILATION_MODE = wholemodule;
				SWIFT_OPTIMIZATION_LEVEL = "-O";
				VALIDATE_PRODUCT = YES;
			};
			name = Release;
		};
		20680EDF2945B1B70078596B /* Debug */ = {
			isa = XCBuildConfiguration;
			buildSettings = {
				ASSETCATALOG_COMPILER_APPICON_NAME = AppIcon;
				ASSETCATALOG_COMPILER_GLOBAL_ACCENT_COLOR_NAME = AccentColor;
				CODE_SIGN_STYLE = Automatic;
				CURRENT_PROJECT_VERSION = 1;
				DEVELOPMENT_ASSET_PATHS = "\"Quote/Preview Content\"";
				DEVELOPMENT_TEAM = 3P5872A6DS;
				ENABLE_PREVIEWS = YES;
				GENERATE_INFOPLIST_FILE = YES;
				INFOPLIST_KEY_UIApplicationSceneManifest_Generation = YES;
				INFOPLIST_KEY_UIApplicationSupportsIndirectInputEvents = YES;
				INFOPLIST_KEY_UILaunchScreen_Generation = YES;
				INFOPLIST_KEY_UISupportedInterfaceOrientations = UIInterfaceOrientationPortrait;
				INFOPLIST_KEY_UISupportedInterfaceOrientations_iPad = "UIInterfaceOrientationLandscapeLeft UIInterfaceOrientationLandscapeRight UIInterfaceOrientationPortrait UIInterfaceOrientationPortraitUpsideDown";
				LD_RUNPATH_SEARCH_PATHS = (
					"$(inherited)",
					"@executable_path/Frameworks",
				);
				MARKETING_VERSION = 1.0;
				PRODUCT_BUNDLE_IDENTIFIER = com.michalik.michal.Quote;
				PRODUCT_NAME = "$(TARGET_NAME)";
				SUPPORTED_PLATFORMS = "iphoneos iphonesimulator";
				SUPPORTS_MACCATALYST = NO;
				SUPPORTS_MAC_DESIGNED_FOR_IPHONE_IPAD = NO;
				SWIFT_EMIT_LOC_STRINGS = YES;
				SWIFT_VERSION = 5.0;
				TARGETED_DEVICE_FAMILY = 1;
			};
			name = Debug;
		};
		20680EE02945B1B70078596B /* Release */ = {
			isa = XCBuildConfiguration;
			buildSettings = {
				ASSETCATALOG_COMPILER_APPICON_NAME = AppIcon;
				ASSETCATALOG_COMPILER_GLOBAL_ACCENT_COLOR_NAME = AccentColor;
				CODE_SIGN_STYLE = Automatic;
				CURRENT_PROJECT_VERSION = 1;
				DEVELOPMENT_ASSET_PATHS = "\"Quote/Preview Content\"";
				DEVELOPMENT_TEAM = 3P5872A6DS;
				ENABLE_PREVIEWS = YES;
				GENERATE_INFOPLIST_FILE = YES;
				INFOPLIST_KEY_UIApplicationSceneManifest_Generation = YES;
				INFOPLIST_KEY_UIApplicationSupportsIndirectInputEvents = YES;
				INFOPLIST_KEY_UILaunchScreen_Generation = YES;
				INFOPLIST_KEY_UISupportedInterfaceOrientations = UIInterfaceOrientationPortrait;
				INFOPLIST_KEY_UISupportedInterfaceOrientations_iPad = "UIInterfaceOrientationLandscapeLeft UIInterfaceOrientationLandscapeRight UIInterfaceOrientationPortrait UIInterfaceOrientationPortraitUpsideDown";
				LD_RUNPATH_SEARCH_PATHS = (
					"$(inherited)",
					"@executable_path/Frameworks",
				);
				MARKETING_VERSION = 1.0;
				PRODUCT_BUNDLE_IDENTIFIER = com.michalik.michal.Quote;
				PRODUCT_NAME = "$(TARGET_NAME)";
				SUPPORTED_PLATFORMS = "iphoneos iphonesimulator";
				SUPPORTS_MACCATALYST = NO;
				SUPPORTS_MAC_DESIGNED_FOR_IPHONE_IPAD = NO;
				SWIFT_EMIT_LOC_STRINGS = YES;
				SWIFT_VERSION = 5.0;
				TARGETED_DEVICE_FAMILY = 1;
			};
			name = Release;
		};
/* End XCBuildConfiguration section */

/* Begin XCConfigurationList section */
		20680ECB2945B1B40078596B /* Build configuration list for PBXProject "Quote" */ = {
			isa = XCConfigurationList;
			buildConfigurations = (
				20680EDC2945B1B70078596B /* Debug */,
				20680EDD2945B1B70078596B /* Release */,
			);
			defaultConfigurationIsVisible = 0;
			defaultConfigurationName = Release;
		};
		20680EDE2945B1B70078596B /* Build configuration list for PBXNativeTarget "Quote" */ = {
			isa = XCConfigurationList;
			buildConfigurations = (
				20680EDF2945B1B70078596B /* Debug */,
				20680EE02945B1B70078596B /* Release */,
			);
			defaultConfigurationIsVisible = 0;
			defaultConfigurationName = Release;
		};
/* End XCConfigurationList section */

/* Begin XCRemoteSwiftPackageReference section */
		20680EEC294615FD0078596B /* XCRemoteSwiftPackageReference "firebase-ios-sdk" */ = {
			isa = XCRemoteSwiftPackageReference;
			repositoryURL = "https://github.com/firebase/firebase-ios-sdk";
			requirement = {
				kind = upToNextMajorVersion;
				minimumVersion = 9.0.0;
			};
		};
/* End XCRemoteSwiftPackageReference section */

/* Begin XCSwiftPackageProductDependency section */
		20680EED294615FD0078596B /* FirebaseAuth */ = {
			isa = XCSwiftPackageProductDependency;
			package = 20680EEC294615FD0078596B /* XCRemoteSwiftPackageReference "firebase-ios-sdk" */;
			productName = FirebaseAuth;
		};
		20680EEF294615FD0078596B /* FirebaseDatabase */ = {
			isa = XCSwiftPackageProductDependency;
			package = 20680EEC294615FD0078596B /* XCRemoteSwiftPackageReference "firebase-ios-sdk" */;
			productName = FirebaseDatabase;
		};
		20680EF1294615FD0078596B /* FirebaseDatabaseSwift */ = {
			isa = XCSwiftPackageProductDependency;
			package = 20680EEC294615FD0078596B /* XCRemoteSwiftPackageReference "firebase-ios-sdk" */;
			productName = FirebaseDatabaseSwift;
		};
		20680EF3294615FD0078596B /* FirebaseFirestore */ = {
			isa = XCSwiftPackageProductDependency;
			package = 20680EEC294615FD0078596B /* XCRemoteSwiftPackageReference "firebase-ios-sdk" */;
			productName = FirebaseFirestore;
		};
		20680EF5294615FD0078596B /* FirebaseFirestoreSwift */ = {
			isa = XCSwiftPackageProductDependency;
			package = 20680EEC294615FD0078596B /* XCRemoteSwiftPackageReference "firebase-ios-sdk" */;
			productName = FirebaseFirestoreSwift;
		};
		20680EF7294615FD0078596B /* FirebaseStorage */ = {
			isa = XCSwiftPackageProductDependency;
			package = 20680EEC294615FD0078596B /* XCRemoteSwiftPackageReference "firebase-ios-sdk" */;
			productName = FirebaseStorage;
		};
/* End XCSwiftPackageProductDependency section */
	};
	rootObject = 20680EC82945B1B40078596B /* Project object */;
}
